// !$*UTF8*$!
{
	archiveVersion = 1;
	classes = {
	};
	objectVersion = 50;
	objects = {

/* Begin PBXBuildFile section */
		8C027E1D212A4E95006985BF /* AppDelegate.swift in Sources */ = {isa = PBXBuildFile; fileRef = 8C027E1C212A4E95006985BF /* AppDelegate.swift */; };
		8C027E1F212A4E95006985BF /* WebViewController.swift in Sources */ = {isa = PBXBuildFile; fileRef = 8C027E1E212A4E95006985BF /* WebViewController.swift */; };
		8C027E22212A4E95006985BF /* Main.storyboard in Resources */ = {isa = PBXBuildFile; fileRef = 8C027E20212A4E95006985BF /* Main.storyboard */; };
		8C027E24212A4E96006985BF /* Assets.xcassets in Resources */ = {isa = PBXBuildFile; fileRef = 8C027E23212A4E96006985BF /* Assets.xcassets */; };
		8C027E27212A4E96006985BF /* LaunchScreen.storyboard in Resources */ = {isa = PBXBuildFile; fileRef = 8C027E25212A4E96006985BF /* LaunchScreen.storyboard */; };
		8C027E32212A4E97006985BF /* WebViewTests.swift in Sources */ = {isa = PBXBuildFile; fileRef = 8C027E31212A4E97006985BF /* WebViewTests.swift */; };
		8C027E3D212A4E97006985BF /* WebViewUITests.swift in Sources */ = {isa = PBXBuildFile; fileRef = 8C027E3C212A4E97006985BF /* WebViewUITests.swift */; };
		8C027E4B212AA671006985BF /* URLRequestExtension.swift in Sources */ = {isa = PBXBuildFile; fileRef = 8C027E4A212AA671006985BF /* URLRequestExtension.swift */; };
/* End PBXBuildFile section */

/* Begin PBXContainerItemProxy section */
		8C027E2E212A4E96006985BF /* PBXContainerItemProxy */ = {
			isa = PBXContainerItemProxy;
			containerPortal = 8C027E11212A4E95006985BF /* Project object */;
			proxyType = 1;
			remoteGlobalIDString = 8C027E18212A4E95006985BF;
			remoteInfo = WebView;
		};
		8C027E39212A4E97006985BF /* PBXContainerItemProxy */ = {
			isa = PBXContainerItemProxy;
			containerPortal = 8C027E11212A4E95006985BF /* Project object */;
			proxyType = 1;
			remoteGlobalIDString = 8C027E18212A4E95006985BF;
			remoteInfo = WebView;
		};
/* End PBXContainerItemProxy section */

/* Begin PBXFileReference section */
		8C027E19212A4E95006985BF /* WebView.app */ = {isa = PBXFileReference; explicitFileType = wrapper.application; includeInIndex = 0; path = WebView.app; sourceTree = BUILT_PRODUCTS_DIR; };
		8C027E1C212A4E95006985BF /* AppDelegate.swift */ = {isa = PBXFileReference; lastKnownFileType = sourcecode.swift; path = AppDelegate.swift; sourceTree = "<group>"; };
		8C027E1E212A4E95006985BF /* WebViewController.swift */ = {isa = PBXFileReference; lastKnownFileType = sourcecode.swift; path = WebViewController.swift; sourceTree = "<group>"; };
		8C027E21212A4E95006985BF /* Base */ = {isa = PBXFileReference; lastKnownFileType = file.storyboard; name = Base; path = Base.lproj/Main.storyboard; sourceTree = "<group>"; };
		8C027E23212A4E96006985BF /* Assets.xcassets */ = {isa = PBXFileReference; lastKnownFileType = folder.assetcatalog; path = Assets.xcassets; sourceTree = "<group>"; };
		8C027E26212A4E96006985BF /* Base */ = {isa = PBXFileReference; lastKnownFileType = file.storyboard; name = Base; path = Base.lproj/LaunchScreen.storyboard; sourceTree = "<group>"; };
		8C027E28212A4E96006985BF /* Info.plist */ = {isa = PBXFileReference; lastKnownFileType = text.plist.xml; path = Info.plist; sourceTree = "<group>"; };
		8C027E2D212A4E96006985BF /* WebViewTests.xctest */ = {isa = PBXFileReference; explicitFileType = wrapper.cfbundle; includeInIndex = 0; path = WebViewTests.xctest; sourceTree = BUILT_PRODUCTS_DIR; };
		8C027E31212A4E97006985BF /* WebViewTests.swift */ = {isa = PBXFileReference; lastKnownFileType = sourcecode.swift; path = WebViewTests.swift; sourceTree = "<group>"; };
		8C027E33212A4E97006985BF /* Info.plist */ = {isa = PBXFileReference; lastKnownFileType = text.plist.xml; path = Info.plist; sourceTree = "<group>"; };
		8C027E38212A4E97006985BF /* WebViewUITests.xctest */ = {isa = PBXFileReference; explicitFileType = wrapper.cfbundle; includeInIndex = 0; path = WebViewUITests.xctest; sourceTree = BUILT_PRODUCTS_DIR; };
		8C027E3C212A4E97006985BF /* WebViewUITests.swift */ = {isa = PBXFileReference; lastKnownFileType = sourcecode.swift; path = WebViewUITests.swift; sourceTree = "<group>"; };
		8C027E3E212A4E97006985BF /* Info.plist */ = {isa = PBXFileReference; lastKnownFileType = text.plist.xml; path = Info.plist; sourceTree = "<group>"; };
		8C027E4A212AA671006985BF /* URLRequestExtension.swift */ = {isa = PBXFileReference; lastKnownFileType = sourcecode.swift; path = URLRequestExtension.swift; sourceTree = "<group>"; };
/* End PBXFileReference section */

/* Begin PBXFrameworksBuildPhase section */
		8C027E16212A4E95006985BF /* Frameworks */ = {
			isa = PBXFrameworksBuildPhase;
			buildActionMask = 2147483647;
			files = (
			);
			runOnlyForDeploymentPostprocessing = 0;
		};
		8C027E2A212A4E96006985BF /* Frameworks */ = {
			isa = PBXFrameworksBuildPhase;
			buildActionMask = 2147483647;
			files = (
			);
			runOnlyForDeploymentPostprocessing = 0;
		};
		8C027E35212A4E97006985BF /* Frameworks */ = {
			isa = PBXFrameworksBuildPhase;
			buildActionMask = 2147483647;
			files = (
			);
			runOnlyForDeploymentPostprocessing = 0;
		};
/* End PBXFrameworksBuildPhase section */

/* Begin PBXGroup section */
		8C027E10212A4E95006985BF = {
			isa = PBXGroup;
			children = (
				8C027E1B212A4E95006985BF /* WebView */,
				8C027E30212A4E97006985BF /* WebViewTests */,
				8C027E3B212A4E97006985BF /* WebViewUITests */,
				8C027E1A212A4E95006985BF /* Products */,
			);
			sourceTree = "<group>";
		};
		8C027E1A212A4E95006985BF /* Products */ = {
			isa = PBXGroup;
			children = (
				8C027E19212A4E95006985BF /* WebView.app */,
				8C027E2D212A4E96006985BF /* WebViewTests.xctest */,
				8C027E38212A4E97006985BF /* WebViewUITests.xctest */,
			);
			name = Products;
			sourceTree = "<group>";
		};
		8C027E1B212A4E95006985BF /* WebView */ = {
			isa = PBXGroup;
			children = (
				8C027E1C212A4E95006985BF /* AppDelegate.swift */,
				8C027E1E212A4E95006985BF /* WebViewController.swift */,
				8C027E20212A4E95006985BF /* Main.storyboard */,
				8C027E23212A4E96006985BF /* Assets.xcassets */,
				8C027E25212A4E96006985BF /* LaunchScreen.storyboard */,
				8C027E28212A4E96006985BF /* Info.plist */,
				8C027E4A212AA671006985BF /* URLRequestExtension.swift */,
			);
			path = WebView;
			sourceTree = "<group>";
		};
		8C027E30212A4E97006985BF /* WebViewTests */ = {
			isa = PBXGroup;
			children = (
				8C027E31212A4E97006985BF /* WebViewTests.swift */,
				8C027E33212A4E97006985BF /* Info.plist */,
			);
			path = WebViewTests;
			sourceTree = "<group>";
		};
		8C027E3B212A4E97006985BF /* WebViewUITests */ = {
			isa = PBXGroup;
			children = (
				8C027E3C212A4E97006985BF /* WebViewUITests.swift */,
				8C027E3E212A4E97006985BF /* Info.plist */,
			);
			path = WebViewUITests;
			sourceTree = "<group>";
		};
/* End PBXGroup section */

/* Begin PBXNativeTarget section */
		8C027E18212A4E95006985BF /* WebView */ = {
			isa = PBXNativeTarget;
			buildConfigurationList = 8C027E41212A4E97006985BF /* Build configuration list for PBXNativeTarget "WebView" */;
			buildPhases = (
				8C027E15212A4E95006985BF /* Sources */,
				8C027E16212A4E95006985BF /* Frameworks */,
				8C027E17212A4E95006985BF /* Resources */,
			);
			buildRules = (
			);
			dependencies = (
			);
			name = WebView;
			productName = WebView;
			productReference = 8C027E19212A4E95006985BF /* WebView.app */;
			productType = "com.apple.product-type.application";
		};
		8C027E2C212A4E96006985BF /* WebViewTests */ = {
			isa = PBXNativeTarget;
			buildConfigurationList = 8C027E44212A4E97006985BF /* Build configuration list for PBXNativeTarget "WebViewTests" */;
			buildPhases = (
				8C027E29212A4E96006985BF /* Sources */,
				8C027E2A212A4E96006985BF /* Frameworks */,
				8C027E2B212A4E96006985BF /* Resources */,
			);
			buildRules = (
			);
			dependencies = (
				8C027E2F212A4E96006985BF /* PBXTargetDependency */,
			);
			name = WebViewTests;
			productName = WebViewTests;
			productReference = 8C027E2D212A4E96006985BF /* WebViewTests.xctest */;
			productType = "com.apple.product-type.bundle.unit-test";
		};
		8C027E37212A4E97006985BF /* WebViewUITests */ = {
			isa = PBXNativeTarget;
			buildConfigurationList = 8C027E47212A4E97006985BF /* Build configuration list for PBXNativeTarget "WebViewUITests" */;
			buildPhases = (
				8C027E34212A4E97006985BF /* Sources */,
				8C027E35212A4E97006985BF /* Frameworks */,
				8C027E36212A4E97006985BF /* Resources */,
			);
			buildRules = (
			);
			dependencies = (
				8C027E3A212A4E97006985BF /* PBXTargetDependency */,
			);
			name = WebViewUITests;
			productName = WebViewUITests;
			productReference = 8C027E38212A4E97006985BF /* WebViewUITests.xctest */;
			productType = "com.apple.product-type.bundle.ui-testing";
		};
/* End PBXNativeTarget section */

/* Begin PBXProject section */
		8C027E11212A4E95006985BF /* Project object */ = {
			isa = PBXProject;
			attributes = {
				LastSwiftUpdateCheck = 0940;
				LastUpgradeCheck = 0940;
				ORGANIZATIONNAME = jp.okazaki;
				TargetAttributes = {
					8C027E18212A4E95006985BF = {
						CreatedOnToolsVersion = 9.4.1;
					};
					8C027E2C212A4E96006985BF = {
						CreatedOnToolsVersion = 9.4.1;
						TestTargetID = 8C027E18212A4E95006985BF;
					};
					8C027E37212A4E97006985BF = {
						CreatedOnToolsVersion = 9.4.1;
						TestTargetID = 8C027E18212A4E95006985BF;
					};
				};
			};
			buildConfigurationList = 8C027E14212A4E95006985BF /* Build configuration list for PBXProject "WebView" */;
			compatibilityVersion = "Xcode 9.3";
			developmentRegion = en;
			hasScannedForEncodings = 0;
			knownRegions = (
				en,
				Base,
			);
			mainGroup = 8C027E10212A4E95006985BF;
			productRefGroup = 8C027E1A212A4E95006985BF /* Products */;
			projectDirPath = "";
			projectRoot = "";
			targets = (
				8C027E18212A4E95006985BF /* WebView */,
				8C027E2C212A4E96006985BF /* WebViewTests */,
				8C027E37212A4E97006985BF /* WebViewUITests */,
			);
		};
/* End PBXProject section */

/* Begin PBXResourcesBuildPhase section */
		8C027E17212A4E95006985BF /* Resources */ = {
			isa = PBXResourcesBuildPhase;
			buildActionMask = 2147483647;
			files = (
				8C027E27212A4E96006985BF /* LaunchScreen.storyboard in Resources */,
				8C027E24212A4E96006985BF /* Assets.xcassets in Resources */,
				8C027E22212A4E95006985BF /* Main.storyboard in Resources */,
			);
			runOnlyForDeploymentPostprocessing = 0;
		};
		8C027E2B212A4E96006985BF /* Resources */ = {
			isa = PBXResourcesBuildPhase;
			buildActionMask = 2147483647;
			files = (
			);
			runOnlyForDeploymentPostprocessing = 0;
		};
		8C027E36212A4E97006985BF /* Resources */ = {
			isa = PBXResourcesBuildPhase;
			buildActionMask = 2147483647;
			files = (
			);
			runOnlyForDeploymentPostprocessing = 0;
		};
/* End PBXResourcesBuildPhase section */

/* Begin PBXSourcesBuildPhase section */
		8C027E15212A4E95006985BF /* Sources */ = {
			isa = PBXSourcesBuildPhase;
			buildActionMask = 2147483647;
			files = (
				8C027E4B212AA671006985BF /* URLRequestExtension.swift in Sources */,
				8C027E1F212A4E95006985BF /* WebViewController.swift in Sources */,
				8C027E1D212A4E95006985BF /* AppDelegate.swift in Sources */,
			);
			runOnlyForDeploymentPostprocessing = 0;
		};
		8C027E29212A4E96006985BF /* Sources */ = {
			isa = PBXSourcesBuildPhase;
			buildActionMask = 2147483647;
			files = (
				8C027E32212A4E97006985BF /* WebViewTests.swift in Sources */,
			);
			runOnlyForDeploymentPostprocessing = 0;
		};
		8C027E34212A4E97006985BF /* Sources */ = {
			isa = PBXSourcesBuildPhase;
			buildActionMask = 2147483647;
			files = (
				8C027E3D212A4E97006985BF /* WebViewUITests.swift in Sources */,
			);
			runOnlyForDeploymentPostprocessing = 0;
		};
/* End PBXSourcesBuildPhase section */

/* Begin PBXTargetDependency section */
		8C027E2F212A4E96006985BF /* PBXTargetDependency */ = {
			isa = PBXTargetDependency;
			target = 8C027E18212A4E95006985BF /* WebView */;
			targetProxy = 8C027E2E212A4E96006985BF /* PBXContainerItemProxy */;
		};
		8C027E3A212A4E97006985BF /* PBXTargetDependency */ = {
			isa = PBXTargetDependency;
			target = 8C027E18212A4E95006985BF /* WebView */;
			targetProxy = 8C027E39212A4E97006985BF /* PBXContainerItemProxy */;
		};
/* End PBXTargetDependency section */

/* Begin PBXVariantGroup section */
		8C027E20212A4E95006985BF /* Main.storyboard */ = {
			isa = PBXVariantGroup;
			children = (
				8C027E21212A4E95006985BF /* Base */,
			);
			name = Main.storyboard;
			sourceTree = "<group>";
		};
		8C027E25212A4E96006985BF /* LaunchScreen.storyboard */ = {
			isa = PBXVariantGroup;
			children = (
				8C027E26212A4E96006985BF /* Base */,
			);
			name = LaunchScreen.storyboard;
			sourceTree = "<group>";
		};
/* End PBXVariantGroup section */

/* Begin XCBuildConfiguration section */
		8C027E3F212A4E97006985BF /* Debug */ = {
			isa = XCBuildConfiguration;
			buildSettings = {
				ALWAYS_SEARCH_USER_PATHS = NO;
				CLANG_ANALYZER_NONNULL = YES;
				CLANG_ANALYZER_NUMBER_OBJECT_CONVERSION = YES_AGGRESSIVE;
				CLANG_CXX_LANGUAGE_STANDARD = "gnu++14";
				CLANG_CXX_LIBRARY = "libc++";
				CLANG_ENABLE_MODULES = YES;
				CLANG_ENABLE_OBJC_ARC = YES;
				CLANG_ENABLE_OBJC_WEAK = YES;
				CLANG_WARN_BLOCK_CAPTURE_AUTORELEASING = YES;
				CLANG_WARN_BOOL_CONVERSION = YES;
				CLANG_WARN_COMMA = YES;
				CLANG_WARN_CONSTANT_CONVERSION = YES;
				CLANG_WARN_DEPRECATED_OBJC_IMPLEMENTATIONS = YES;
				CLANG_WARN_DIRECT_OBJC_ISA_USAGE = YES_ERROR;
				CLANG_WARN_DOCUMENTATION_COMMENTS = YES;
				CLANG_WARN_EMPTY_BODY = YES;
				CLANG_WARN_ENUM_CONVERSION = YES;
				CLANG_WARN_INFINITE_RECURSION = YES;
				CLANG_WARN_INT_CONVERSION = YES;
				CLANG_WARN_NON_LITERAL_NULL_CONVERSION = YES;
				CLANG_WARN_OBJC_IMPLICIT_RETAIN_SELF = YES;
				CLANG_WARN_OBJC_LITERAL_CONVERSION = YES;
				CLANG_WARN_OBJC_ROOT_CLASS = YES_ERROR;
				CLANG_WARN_RANGE_LOOP_ANALYSIS = YES;
				CLANG_WARN_STRICT_PROTOTYPES = YES;
				CLANG_WARN_SUSPICIOUS_MOVE = YES;
				CLANG_WARN_UNGUARDED_AVAILABILITY = YES_AGGRESSIVE;
				CLANG_WARN_UNREACHABLE_CODE = YES;
				CLANG_WARN__DUPLICATE_METHOD_MATCH = YES;
				CODE_SIGN_IDENTITY = "iPhone Developer";
				COPY_PHASE_STRIP = NO;
				DEBUG_INFORMATION_FORMAT = dwarf;
				ENABLE_STRICT_OBJC_MSGSEND = YES;
				ENABLE_TESTABILITY = YES;
				GCC_C_LANGUAGE_STANDARD = gnu11;
				GCC_DYNAMIC_NO_PIC = NO;
				GCC_NO_COMMON_BLOCKS = YES;
				GCC_OPTIMIZATION_LEVEL = 0;
				GCC_PREPROCESSOR_DEFINITIONS = (
					"DEBUG=1",
					"$(inherited)",
				);
				GCC_WARN_64_TO_32_BIT_CONVERSION = YES;
				GCC_WARN_ABOUT_RETURN_TYPE = YES_ERROR;
				GCC_WARN_UNDECLARED_SELECTOR = YES;
				GCC_WARN_UNINITIALIZED_AUTOS = YES_AGGRESSIVE;
				GCC_WARN_UNUSED_FUNCTION = YES;
				GCC_WARN_UNUSED_VARIABLE = YES;
				IPHONEOS_DEPLOYMENT_TARGET = 11.4;
				MTL_ENABLE_DEBUG_INFO = YES;
				ONLY_ACTIVE_ARCH = YES;
				SDKROOT = iphoneos;
				SWIFT_ACTIVE_COMPILATION_CONDITIONS = DEBUG;
				SWIFT_OPTIMIZATION_LEVEL = "-Onone";
			};
			name = Debug;
		};
		8C027E40212A4E97006985BF /* Release */ = {
			isa = XCBuildConfiguration;
			buildSettings = {
				ALWAYS_SEARCH_USER_PATHS = NO;
				CLANG_ANALYZER_NONNULL = YES;
				CLANG_ANALYZER_NUMBER_OBJECT_CONVERSION = YES_AGGRESSIVE;
				CLANG_CXX_LANGUAGE_STANDARD = "gnu++14";
				CLANG_CXX_LIBRARY = "libc++";
				CLANG_ENABLE_MODULES = YES;
				CLANG_ENABLE_OBJC_ARC = YES;
				CLANG_ENABLE_OBJC_WEAK = YES;
				CLANG_WARN_BLOCK_CAPTURE_AUTORELEASING = YES;
				CLANG_WARN_BOOL_CONVERSION = YES;
				CLANG_WARN_COMMA = YES;
				CLANG_WARN_CONSTANT_CONVERSION = YES;
				CLANG_WARN_DEPRECATED_OBJC_IMPLEMENTATIONS = YES;
				CLANG_WARN_DIRECT_OBJC_ISA_USAGE = YES_ERROR;
				CLANG_WARN_DOCUMENTATION_COMMENTS = YES;
				CLANG_WARN_EMPTY_BODY = YES;
				CLANG_WARN_ENUM_CONVERSION = YES;
				CLANG_WARN_INFINITE_RECURSION = YES;
				CLANG_WARN_INT_CONVERSION = YES;
				CLANG_WARN_NON_LITERAL_NULL_CONVERSION = YES;
				CLANG_WARN_OBJC_IMPLICIT_RETAIN_SELF = YES;
				CLANG_WARN_OBJC_LITERAL_CONVERSION = YES;
				CLANG_WARN_OBJC_ROOT_CLASS = YES_ERROR;
				CLANG_WARN_RANGE_LOOP_ANALYSIS = YES;
				CLANG_WARN_STRICT_PROTOTYPES = YES;
				CLANG_WARN_SUSPICIOUS_MOVE = YES;
				CLANG_WARN_UNGUARDED_AVAILABILITY = YES_AGGRESSIVE;
				CLANG_WARN_UNREACHABLE_CODE = YES;
				CLANG_WARN__DUPLICATE_METHOD_MATCH = YES;
				CODE_SIGN_IDENTITY = "iPhone Developer";
				COPY_PHASE_STRIP = NO;
				DEBUG_INFORMATION_FORMAT = "dwarf-with-dsym";
				ENABLE_NS_ASSERTIONS = NO;
				ENABLE_STRICT_OBJC_MSGSEND = YES;
				GCC_C_LANGUAGE_STANDARD = gnu11;
				GCC_NO_COMMON_BLOCKS = YES;
				GCC_WARN_64_TO_32_BIT_CONVERSION = YES;
				GCC_WARN_ABOUT_RETURN_TYPE = YES_ERROR;
				GCC_WARN_UNDECLARED_SELECTOR = YES;
				GCC_WARN_UNINITIALIZED_AUTOS = YES_AGGRESSIVE;
				GCC_WARN_UNUSED_FUNCTION = YES;
				GCC_WARN_UNUSED_VARIABLE = YES;
				IPHONEOS_DEPLOYMENT_TARGET = 11.4;
				MTL_ENABLE_DEBUG_INFO = NO;
				SDKROOT = iphoneos;
				SWIFT_COMPILATION_MODE = wholemodule;
				SWIFT_OPTIMIZATION_LEVEL = "-O";
				VALIDATE_PRODUCT = YES;
			};
			name = Release;
		};
		8C027E42212A4E97006985BF /* Debug */ = {
			isa = XCBuildConfiguration;
			buildSettings = {
				ASSETCATALOG_COMPILER_APPICON_NAME = AppIcon;
				CODE_SIGN_IDENTITY = "iPhone Developer";
				CODE_SIGN_STYLE = Automatic;
				DEVELOPMENT_TEAM = "";
				INFOPLIST_FILE = WebView/Info.plist;
				IPHONEOS_DEPLOYMENT_TARGET = 10.2;
				LD_RUNPATH_SEARCH_PATHS = (
					"$(inherited)",
					"@executable_path/Frameworks",
				);
				PRODUCT_BUNDLE_IDENTIFIER = com.example.WebView;
				PRODUCT_NAME = "$(TARGET_NAME)";
				PROVISIONING_PROFILE_SPECIFIER = "";
				SWIFT_VERSION = 4.0;
				TARGETED_DEVICE_FAMILY = "1,2";
			};
			name = Debug;
		};
		8C027E43212A4E97006985BF /* Release */ = {
			isa = XCBuildConfiguration;
			buildSettings = {
				ASSETCATALOG_COMPILER_APPICON_NAME = AppIcon;
				CODE_SIGN_IDENTITY = "iPhone Developer";
				CODE_SIGN_STYLE = Automatic;
				DEVELOPMENT_TEAM = "";
				INFOPLIST_FILE = WebView/Info.plist;
				IPHONEOS_DEPLOYMENT_TARGET = 10.2;
				LD_RUNPATH_SEARCH_PATHS = (
					"$(inherited)",
					"@executable_path/Frameworks",
				);
				PRODUCT_BUNDLE_IDENTIFIER = com.example.WebView;
				PRODUCT_NAME = "$(TARGET_NAME)";
				PROVISIONING_PROFILE_SPECIFIER = "";
				SWIFT_VERSION = 4.0;
				TARGETED_DEVICE_FAMILY = "1,2";
			};
			name = Release;
		};
		8C027E45212A4E97006985BF /* Debug */ = {
			isa = XCBuildConfiguration;
			buildSettings = {
				ALWAYS_EMBED_SWIFT_STANDARD_LIBRARIES = YES;
				BUNDLE_LOADER = "$(TEST_HOST)";
				CODE_SIGN_STYLE = Automatic;
				DEVELOPMENT_TEAM = M73N552YF9;
				INFOPLIST_FILE = WebViewTests/Info.plist;
				LD_RUNPATH_SEARCH_PATHS = (
					"$(inherited)",
					"@executable_path/Frameworks",
					"@loader_path/Frameworks",
				);
				PRODUCT_BUNDLE_IDENTIFIER = attt.WebViewTests;
				PRODUCT_NAME = "$(TARGET_NAME)";
				SWIFT_VERSION = 4.0;
				TARGETED_DEVICE_FAMILY = "1,2";
				TEST_HOST = "$(BUILT_PRODUCTS_DIR)/WebView.app/WebView";
			};
			name = Debug;
		};
		8C027E46212A4E97006985BF /* Release */ = {
			isa = XCBuildConfiguration;
			buildSettings = {
				ALWAYS_EMBED_SWIFT_STANDARD_LIBRARIES = YES;
				BUNDLE_LOADER = "$(TEST_HOST)";
				CODE_SIGN_STYLE = Automatic;
				DEVELOPMENT_TEAM = M73N552YF9;
				INFOPLIST_FILE = WebViewTests/Info.plist;
				LD_RUNPATH_SEARCH_PATHS = (
					"$(inherited)",
					"@executable_path/Frameworks",
					"@loader_path/Frameworks",
				);
				PRODUCT_BUNDLE_IDENTIFIER = attt.WebViewTests;
				PRODUCT_NAME = "$(TARGET_NAME)";
				SWIFT_VERSION = 4.0;
				TARGETED_DEVICE_FAMILY = "1,2";
				TEST_HOST = "$(BUILT_PRODUCTS_DIR)/WebView.app/WebView";
			};
			name = Release;
		};
		8C027E48212A4E97006985BF /* Debug */ = {
			isa = XCBuildConfiguration;
			buildSettings = {
				ALWAYS_EMBED_SWIFT_STANDARD_LIBRARIES = YES;
				CODE_SIGN_STYLE = Automatic;
				DEVELOPMENT_TEAM = M73N552YF9;
				INFOPLIST_FILE = WebViewUITests/Info.plist;
				LD_RUNPATH_SEARCH_PATHS = (
					"$(inherited)",
					"@executable_path/Frameworks",
					"@loader_path/Frameworks",
				);
				PRODUCT_BUNDLE_IDENTIFIER = attt.WebViewUITests;
				PRODUCT_NAME = "$(TARGET_NAME)";
				SWIFT_VERSION = 4.0;
				TARGETED_DEVICE_FAMILY = "1,2";
				TEST_TARGET_NAME = WebView;
			};
			name = Debug;
		};
		8C027E49212A4E97006985BF /* Release */ = {
			isa = XCBuildConfiguration;
			buildSettings = {
				ALWAYS_EMBED_SWIFT_STANDARD_LIBRARIES = YES;
				CODE_SIGN_STYLE = Automatic;
				DEVELOPMENT_TEAM = M73N552YF9;
				INFOPLIST_FILE = WebViewUITests/Info.plist;
				LD_RUNPATH_SEARCH_PATHS = (
					"$(inherited)",
					"@executable_path/Frameworks",
					"@loader_path/Frameworks",
				);
				PRODUCT_BUNDLE_IDENTIFIER = attt.WebViewUITests;
				PRODUCT_NAME = "$(TARGET_NAME)";
				SWIFT_VERSION = 4.0;
				TARGETED_DEVICE_FAMILY = "1,2";
				TEST_TARGET_NAME = WebView;
			};
			name = Release;
		};
/* End XCBuildConfiguration section */

/* Begin XCConfigurationList section */
		8C027E14212A4E95006985BF /* Build configuration list for PBXProject "WebView" */ = {
			isa = XCConfigurationList;
			buildConfigurations = (
				8C027E3F212A4E97006985BF /* Debug */,
				8C027E40212A4E97006985BF /* Release */,
			);
			defaultConfigurationIsVisible = 0;
			defaultConfigurationName = Release;
		};
		8C027E41212A4E97006985BF /* Build configuration list for PBXNativeTarget "WebView" */ = {
			isa = XCConfigurationList;
			buildConfigurations = (
				8C027E42212A4E97006985BF /* Debug */,
				8C027E43212A4E97006985BF /* Release */,
			);
			defaultConfigurationIsVisible = 0;
			defaultConfigurationName = Release;
		};
		8C027E44212A4E97006985BF /* Build configuration list for PBXNativeTarget "WebViewTests" */ = {
			isa = XCConfigurationList;
			buildConfigurations = (
				8C027E45212A4E97006985BF /* Debug */,
				8C027E46212A4E97006985BF /* Release */,
			);
			defaultConfigurationIsVisible = 0;
			defaultConfigurationName = Release;
		};
		8C027E47212A4E97006985BF /* Build configuration list for PBXNativeTarget "WebViewUITests" */ = {
			isa = XCConfigurationList;
			buildConfigurations = (
				8C027E48212A4E97006985BF /* Debug */,
				8C027E49212A4E97006985BF /* Release */,
			);
			defaultConfigurationIsVisible = 0;
			defaultConfigurationName = Release;
		};
/* End XCConfigurationList section */
	};
	rootObject = 8C027E11212A4E95006985BF /* Project object */;
}
